
Microsoft Visual Studio Solution File, Format Version 12.00
# Visual Studio Version 17
VisualStudioVersion = 17.5.33502.453
MinimumVisualStudioVersion = 10.0.40219.1
Project("{9A19103F-16F7-4668-BE54-9A1E7A4F7556}") = "MicroCRM.App", "MicroCRM.App\MicroCRM.App.csproj", "{EBCBC3E4-CA0F-4ABC-B9BF-D9223A48A54A}"
EndProject
Project("{9A19103F-16F7-4668-BE54-9A1E7A4F7556}") = "MicroCRM.Services", "MicroCRM.Services\MicroCRM.Services.csproj", "{5FA2EF24-5C05-4345-B2EE-7D9ACE178050}"
EndProject
Project("{9A19103F-16F7-4668-BE54-9A1E7A4F7556}") = "MicroCRM.Persistence", "MicroCRM.Persistence\MicroCRM.Persistence.csproj", "{9FF07822-88DD-4F31-84E1-CBE36A467734}"
EndProject
Project("{9A19103F-16F7-4668-BE54-9A1E7A4F7556}") = "MicroCRM.Domain", "MicroCRM.Domain\MicroCRM.Domain.csproj", "{718FC800-A3C5-4626-886C-DC2434F4A610}"
EndProject
Project("{9A19103F-16F7-4668-BE54-9A1E7A4F7556}") = "MicroCRM.Tests", "MicroCRM.Tests\MicroCRM.Tests.csproj", "{6430E8B5-7171-4A99-AEBC-426FCA7E5A13}"
EndProject
Project("{2150E333-8FDC-42A3-9474-1A3956D46DE8}") = "0.Tests", "0.Tests", "{F39C68C3-55B1-4110-932D-CE3E175E8A39}"
EndProject
Project("{2150E333-8FDC-42A3-9474-1A3956D46DE8}") = "1.App", "1.App", "{1FC7B14A-19E3-4CEF-9ED6-ED1C6B2E65A7}"
EndProject
Project("{2150E333-8FDC-42A3-9474-1A3956D46DE8}") = "2.Services", "2.Services", "{2F189F23-60A3-43A2-8779-87457C4FD47B}"
EndProject
Project("{2150E333-8FDC-42A3-9474-1A3956D46DE8}") = "3.Persistence", "3.Persistence", "{3568BF36-6FA5-44C3-9BB5-597A08462B27}"
EndProject
Project("{2150E333-8FDC-42A3-9474-1A3956D46DE8}") = "4.Domain", "4.Domain", "{95D152D5-8EC0-4DBA-801F-67BFC4BC3B82}"
EndProject
Global
	GlobalSection(SolutionConfigurationPlatforms) = preSolution
		Debug|Any CPU = Debug|Any CPU
		Release|Any CPU = Release|Any CPU
	EndGlobalSection
	GlobalSection(ProjectConfigurationPlatforms) = postSolution
		{EBCBC3E4-CA0F-4ABC-B9BF-D9223A48A54A}.Debug|Any CPU.ActiveCfg = Debug|Any CPU
		{EBCBC3E4-CA0F-4ABC-B9BF-D9223A48A54A}.Debug|Any CPU.Build.0 = Debug|Any CPU
		{EBCBC3E4-CA0F-4ABC-B9BF-D9223A48A54A}.Release|Any CPU.ActiveCfg = Release|Any CPU
		{EBCBC3E4-CA0F-4ABC-B9BF-D9223A48A54A}.Release|Any CPU.Build.0 = Release|Any CPU
		{5FA2EF24-5C05-4345-B2EE-7D9ACE178050}.Debug|Any CPU.ActiveCfg = Debug|Any CPU
		{5FA2EF24-5C05-4345-B2EE-7D9ACE178050}.Debug|Any CPU.Build.0 = Debug|Any CPU
		{5FA2EF24-5C05-4345-B2EE-7D9ACE178050}.Release|Any CPU.ActiveCfg = Release|Any CPU
		{5FA2EF24-5C05-4345-B2EE-7D9ACE178050}.Release|Any CPU.Build.0 = Release|Any CPU
		{9FF07822-88DD-4F31-84E1-CBE36A467734}.Debug|Any CPU.ActiveCfg = Debug|Any CPU
		{9FF07822-88DD-4F31-84E1-CBE36A467734}.Debug|Any CPU.Build.0 = Debug|Any CPU
		{9FF07822-88DD-4F31-84E1-CBE36A467734}.Release|Any CPU.ActiveCfg = Release|Any CPU
		{9FF07822-88DD-4F31-84E1-CBE36A467734}.Release|Any CPU.Build.0 = Release|Any CPU
		{718FC800-A3C5-4626-886C-DC2434F4A610}.Debug|Any CPU.ActiveCfg = Debug|Any CPU
		{718FC800-A3C5-4626-886C-DC2434F4A610}.Debug|Any CPU.Build.0 = Debug|Any CPU
		{718FC800-A3C5-4626-886C-DC2434F4A610}.Release|Any CPU.ActiveCfg = Release|Any CPU
		{718FC800-A3C5-4626-886C-DC2434F4A610}.Release|Any CPU.Build.0 = Release|Any CPU
		{6430E8B5-7171-4A99-AEBC-426FCA7E5A13}.Debug|Any CPU.ActiveCfg = Debug|Any CPU
		{6430E8B5-7171-4A99-AEBC-426FCA7E5A13}.Debug|Any CPU.Build.0 = Debug|Any CPU
		{6430E8B5-7171-4A99-AEBC-426FCA7E5A13}.Release|Any CPU.ActiveCfg = Release|Any CPU
		{6430E8B5-7171-4A99-AEBC-426FCA7E5A13}.Release|Any CPU.Build.0 = Release|Any CPU
	EndGlobalSection
	GlobalSection(SolutionProperties) = preSolution
		HideSolutionNode = FALSE
	EndGlobalSection
	GlobalSection(NestedProjects) = preSolution
		{EBCBC3E4-CA0F-4ABC-B9BF-D9223A48A54A} = {1FC7B14A-19E3-4CEF-9ED6-ED1C6B2E65A7}
		{5FA2EF24-5C05-4345-B2EE-7D9ACE178050} = {2F189F23-60A3-43A2-8779-87457C4FD47B}
		{9FF07822-88DD-4F31-84E1-CBE36A467734} = {3568BF36-6FA5-44C3-9BB5-597A08462B27}
		{718FC800-A3C5-4626-886C-DC2434F4A610} = {95D152D5-8EC0-4DBA-801F-67BFC4BC3B82}
		{6430E8B5-7171-4A99-AEBC-426FCA7E5A13} = {F39C68C3-55B1-4110-932D-CE3E175E8A39}
	EndGlobalSection
	GlobalSection(ExtensibilityGlobals) = postSolution
		SolutionGuid = {11B2C711-39F0-40C4-904C-44FF199DEDB4}
	EndGlobalSection
EndGlobal
